
Microsoft Visual Studio Solution File, Format Version 12.00
# Visual Studio 15
VisualStudioVersion = 15.0.26730.15
MinimumVisualStudioVersion = 10.0.40219.1
Project("{FAE04EC0-301F-11D3-BF4B-00C04F79EFBC}") = "FirstWebApp", "FirstWebApp\FirstWebApp.csproj", "{0178E282-885A-464A-AB53-7E04C28AE334}"
EndProject
Project("{FAE04EC0-301F-11D3-BF4B-00C04F79EFBC}") = "FirstWebAppTest", "FirstWebAppTest\FirstWebAppTest.csproj", "{BDFF592F-68A0-451B-8836-7C15E26FD731}"
EndProject
Global
	GlobalSection(SolutionConfigurationPlatforms) = preSolution
		Debug|Any CPU = Debug|Any CPU
		Release|Any CPU = Release|Any CPU
	EndGlobalSection
	GlobalSection(ProjectConfigurationPlatforms) = postSolution
		{0178E282-885A-464A-AB53-7E04C28AE334}.Debug|Any CPU.ActiveCfg = Debug|Any CPU
		{0178E282-885A-464A-AB53-7E04C28AE334}.Debug|Any CPU.Build.0 = Debug|Any CPU
		{0178E282-885A-464A-AB53-7E04C28AE334}.Release|Any CPU.ActiveCfg = Release|Any CPU
		{0178E282-885A-464A-AB53-7E04C28AE334}.Release|Any CPU.Build.0 = Release|Any CPU
		{BDFF592F-68A0-451B-8836-7C15E26FD731}.Debug|Any CPU.ActiveCfg = Debug|Any CPU
		{BDFF592F-68A0-451B-8836-7C15E26FD731}.Debug|Any CPU.Build.0 = Debug|Any CPU
		{BDFF592F-68A0-451B-8836-7C15E26FD731}.Release|Any CPU.ActiveCfg = Release|Any CPU
		{BDFF592F-68A0-451B-8836-7C15E26FD731}.Release|Any CPU.Build.0 = Release|Any CPU
	EndGlobalSection
	GlobalSection(SolutionProperties) = preSolution
		HideSolutionNode = FALSE
	EndGlobalSection
	GlobalSection(ExtensibilityGlobals) = postSolution
		SolutionGuid = {4149DC91-996F-4E33-89F4-365F1E09A00D}
	EndGlobalSection
EndGlobal
